
Microsoft Visual Studio Solution File, Format Version 12.00
# Visual Studio Version 17
VisualStudioVersion = 17.9.34616.47
MinimumVisualStudioVersion = 10.0.40219.1
Project("{FAE04EC0-301F-11D3-BF4B-00C04F79EFBC}") = "Messenger", "Messenger.csproj", "{B5201E31-7F9A-4037-9EC9-BB8FFE34F20A}"
EndProject
Global
	GlobalSection(SolutionConfigurationPlatforms) = preSolution
		Debug|Any CPU = Debug|Any CPU
		Release|Any CPU = Release|Any CPU
	EndGlobalSection
	GlobalSection(ProjectConfigurationPlatforms) = postSolution
		{B5201E31-7F9A-4037-9EC9-BB8FFE34F20A}.Debug|Any CPU.ActiveCfg = Debug|Any CPU
		{B5201E31-7F9A-4037-9EC9-BB8FFE34F20A}.Debug|Any CPU.Build.0 = Debug|Any CPU
		{B5201E31-7F9A-4037-9EC9-BB8FFE34F20A}.Release|Any CPU.ActiveCfg = Release|Any CPU
		{B5201E31-7F9A-4037-9EC9-BB8FFE34F20A}.Release|Any CPU.Build.0 = Release|Any CPU
	EndGlobalSection
	GlobalSection(SolutionProperties) = preSolution
		HideSolutionNode = FALSE
	EndGlobalSection
	GlobalSection(ExtensibilityGlobals) = postSolution
		SolutionGuid = {4A1C015A-914A-43BA-BF81-1CD8DE83E996}
	EndGlobalSection
EndGlobal
